
Microsoft Visual Studio Solution File, Format Version 12.00
# Visual Studio Version 17
VisualStudioVersion = 17.3.32929.385
MinimumVisualStudioVersion = 10.0.40219.1
Project("{FAE04EC0-301F-11D3-BF4B-00C04F79EFBC}") = "7.2", "7.2.csproj", "{A1001EB0-84D8-436B-8BBC-8CAA549F02E6}"
EndProject
Global
	GlobalSection(SolutionConfigurationPlatforms) = preSolution
		Debug|Any CPU = Debug|Any CPU
		Release|Any CPU = Release|Any CPU
	EndGlobalSection
	GlobalSection(ProjectConfigurationPlatforms) = postSolution
		{A1001EB0-84D8-436B-8BBC-8CAA549F02E6}.Debug|Any CPU.ActiveCfg = Debug|Any CPU
		{A1001EB0-84D8-436B-8BBC-8CAA549F02E6}.Debug|Any CPU.Build.0 = Debug|Any CPU
		{A1001EB0-84D8-436B-8BBC-8CAA549F02E6}.Release|Any CPU.ActiveCfg = Release|Any CPU
		{A1001EB0-84D8-436B-8BBC-8CAA549F02E6}.Release|Any CPU.Build.0 = Release|Any CPU
	EndGlobalSection
	GlobalSection(SolutionProperties) = preSolution
		HideSolutionNode = FALSE
	EndGlobalSection
	GlobalSection(ExtensibilityGlobals) = postSolution
		SolutionGuid = {56361ACD-64AA-47A5-A096-223128961B99}
	EndGlobalSection
EndGlobal
